
Microsoft Visual Studio Solution File, Format Version 12.00
# Visual Studio Version 16
VisualStudioVersion = 16.0.31829.152
MinimumVisualStudioVersion = 10.0.40219.1
Project("{8BC9CEB8-8B4A-11D0-8D11-00A0C91BC942}") = "SsipMukC", "SsipMukC\SsipMukC.vcxproj", "{8A4EC863-471A-4C7D-B9C0-5D8E20DE9EFB}"
EndProject
Project("{8BC9CEB8-8B4A-11D0-8D11-00A0C91BC942}") = "Ch1_Variable", "Ch1_Variable\Ch1_Variable.vcxproj", "{3B33D4DA-866D-400B-8A16-B70C2A33EAB2}"
EndProject
Project("{8BC9CEB8-8B4A-11D0-8D11-00A0C91BC942}") = "Ch2_Caculate", "Ch2_Caculate\Ch2_Caculate.vcxproj", "{47F5D8E0-A6B4-4651-A6A2-BCE88EBCC74A}"
EndProject
Project("{8BC9CEB8-8B4A-11D0-8D11-00A0C91BC942}") = "Ch3_Operator", "Ch3_Operator\Ch3_Operator.vcxproj", "{F87487A3-68E0-47F2-91FE-CEEF2A804DB8}"
EndProject
Project("{8BC9CEB8-8B4A-11D0-8D11-00A0C91BC942}") = "Ch4_Complement", "Ch4_Complement\Ch4_Complement.vcxproj", "{3E90225B-67CC-4EEE-B140-E23477CD7063}"
EndProject
Project("{8BC9CEB8-8B4A-11D0-8D11-00A0C91BC942}") = "Ch5_If", "Ch5_If\Ch5_If.vcxproj", "{096C8D0D-1DF6-4FF8-A721-7E82B4825E87}"
EndProject
Project("{8BC9CEB8-8B4A-11D0-8D11-00A0C91BC942}") = "Ch6_For", "Ch6_For\Ch6_For.vcxproj", "{DCC10A1B-3F0D-42FB-AE4C-8D09CAA9310D}"
EndProject
Project("{8BC9CEB8-8B4A-11D0-8D11-00A0C91BC942}") = "Ch7_Switch", "Ch7_Switch\Ch7_Switch.vcxproj", "{31C84F41-2A2B-49E9-B573-7CB255BECD1D}"
EndProject
Project("{8BC9CEB8-8B4A-11D0-8D11-00A0C91BC942}") = "Ch8_Array", "Ch8_Array\Ch8_Array.vcxproj", "{B731C4DB-B510-4C4A-838C-F60305FCC1DA}"
EndProject
Global
	GlobalSection(SolutionConfigurationPlatforms) = preSolution
		Debug|x64 = Debug|x64
		Debug|x86 = Debug|x86
		Release|x64 = Release|x64
		Release|x86 = Release|x86
	EndGlobalSection
	GlobalSection(ProjectConfigurationPlatforms) = postSolution
		{8A4EC863-471A-4C7D-B9C0-5D8E20DE9EFB}.Debug|x64.ActiveCfg = Debug|x64
		{8A4EC863-471A-4C7D-B9C0-5D8E20DE9EFB}.Debug|x64.Build.0 = Debug|x64
		{8A4EC863-471A-4C7D-B9C0-5D8E20DE9EFB}.Debug|x86.ActiveCfg = Debug|Win32
		{8A4EC863-471A-4C7D-B9C0-5D8E20DE9EFB}.Debug|x86.Build.0 = Debug|Win32
		{8A4EC863-471A-4C7D-B9C0-5D8E20DE9EFB}.Release|x64.ActiveCfg = Release|x64
		{8A4EC863-471A-4C7D-B9C0-5D8E20DE9EFB}.Release|x64.Build.0 = Release|x64
		{8A4EC863-471A-4C7D-B9C0-5D8E20DE9EFB}.Release|x86.ActiveCfg = Release|Win32
		{8A4EC863-471A-4C7D-B9C0-5D8E20DE9EFB}.Release|x86.Build.0 = Release|Win32
		{3B33D4DA-866D-400B-8A16-B70C2A33EAB2}.Debug|x64.ActiveCfg = Debug|x64
		{3B33D4DA-866D-400B-8A16-B70C2A33EAB2}.Debug|x64.Build.0 = Debug|x64
		{3B33D4DA-866D-400B-8A16-B70C2A33EAB2}.Debug|x86.ActiveCfg = Debug|Win32
		{3B33D4DA-866D-400B-8A16-B70C2A33EAB2}.Debug|x86.Build.0 = Debug|Win32
		{3B33D4DA-866D-400B-8A16-B70C2A33EAB2}.Release|x64.ActiveCfg = Release|x64
		{3B33D4DA-866D-400B-8A16-B70C2A33EAB2}.Release|x64.Build.0 = Release|x64
		{3B33D4DA-866D-400B-8A16-B70C2A33EAB2}.Release|x86.ActiveCfg = Release|Win32
		{3B33D4DA-866D-400B-8A16-B70C2A33EAB2}.Release|x86.Build.0 = Release|Win32
		{47F5D8E0-A6B4-4651-A6A2-BCE88EBCC74A}.Debug|x64.ActiveCfg = Debug|x64
		{47F5D8E0-A6B4-4651-A6A2-BCE88EBCC74A}.Debug|x64.Build.0 = Debug|x64
		{47F5D8E0-A6B4-4651-A6A2-BCE88EBCC74A}.Debug|x86.ActiveCfg = Debug|Win32
		{47F5D8E0-A6B4-4651-A6A2-BCE88EBCC74A}.Debug|x86.Build.0 = Debug|Win32
		{47F5D8E0-A6B4-4651-A6A2-BCE88EBCC74A}.Release|x64.ActiveCfg = Release|x64
		{47F5D8E0-A6B4-4651-A6A2-BCE88EBCC74A}.Release|x64.Build.0 = Release|x64
		{47F5D8E0-A6B4-4651-A6A2-BCE88EBCC74A}.Release|x86.ActiveCfg = Release|Win32
		{47F5D8E0-A6B4-4651-A6A2-BCE88EBCC74A}.Release|x86.Build.0 = Release|Win32
		{F87487A3-68E0-47F2-91FE-CEEF2A804DB8}.Debug|x64.ActiveCfg = Debug|x64
		{F87487A3-68E0-47F2-91FE-CEEF2A804DB8}.Debug|x64.Build.0 = Debug|x64
		{F87487A3-68E0-47F2-91FE-CEEF2A804DB8}.Debug|x86.ActiveCfg = Debug|Win32
		{F87487A3-68E0-47F2-91FE-CEEF2A804DB8}.Debug|x86.Build.0 = Debug|Win32
		{F87487A3-68E0-47F2-91FE-CEEF2A804DB8}.Release|x64.ActiveCfg = Release|x64
		{F87487A3-68E0-47F2-91FE-CEEF2A804DB8}.Release|x64.Build.0 = Release|x64
		{F87487A3-68E0-47F2-91FE-CEEF2A804DB8}.Release|x86.ActiveCfg = Release|Win32
		{F87487A3-68E0-47F2-91FE-CEEF2A804DB8}.Release|x86.Build.0 = Release|Win32
		{3E90225B-67CC-4EEE-B140-E23477CD7063}.Debug|x64.ActiveCfg = Debug|x64
		{3E90225B-67CC-4EEE-B140-E23477CD7063}.Debug|x64.Build.0 = Debug|x64
		{3E90225B-67CC-4EEE-B140-E23477CD7063}.Debug|x86.ActiveCfg = Debug|Win32
		{3E90225B-67CC-4EEE-B140-E23477CD7063}.Debug|x86.Build.0 = Debug|Win32
		{3E90225B-67CC-4EEE-B140-E23477CD7063}.Release|x64.ActiveCfg = Release|x64
		{3E90225B-67CC-4EEE-B140-E23477CD7063}.Release|x64.Build.0 = Release|x64
		{3E90225B-67CC-4EEE-B140-E23477CD7063}.Release|x86.ActiveCfg = Release|Win32
		{3E90225B-67CC-4EEE-B140-E23477CD7063}.Release|x86.Build.0 = Release|Win32
		{096C8D0D-1DF6-4FF8-A721-7E82B4825E87}.Debug|x64.ActiveCfg = Debug|x64
		{096C8D0D-1DF6-4FF8-A721-7E82B4825E87}.Debug|x64.Build.0 = Debug|x64
		{096C8D0D-1DF6-4FF8-A721-7E82B4825E87}.Debug|x86.ActiveCfg = Debug|Win32
		{096C8D0D-1DF6-4FF8-A721-7E82B4825E87}.Debug|x86.Build.0 = Debug|Win32
		{096C8D0D-1DF6-4FF8-A721-7E82B4825E87}.Release|x64.ActiveCfg = Release|x64
		{096C8D0D-1DF6-4FF8-A721-7E82B4825E87}.Release|x64.Build.0 = Release|x64
		{096C8D0D-1DF6-4FF8-A721-7E82B4825E87}.Release|x86.ActiveCfg = Release|Win32
		{096C8D0D-1DF6-4FF8-A721-7E82B4825E87}.Release|x86.Build.0 = Release|Win32
		{DCC10A1B-3F0D-42FB-AE4C-8D09CAA9310D}.Debug|x64.ActiveCfg = Debug|x64
		{DCC10A1B-3F0D-42FB-AE4C-8D09CAA9310D}.Debug|x64.Build.0 = Debug|x64
		{DCC10A1B-3F0D-42FB-AE4C-8D09CAA9310D}.Debug|x86.ActiveCfg = Debug|Win32
		{DCC10A1B-3F0D-42FB-AE4C-8D09CAA9310D}.Debug|x86.Build.0 = Debug|Win32
		{DCC10A1B-3F0D-42FB-AE4C-8D09CAA9310D}.Release|x64.ActiveCfg = Release|x64
		{DCC10A1B-3F0D-42FB-AE4C-8D09CAA9310D}.Release|x64.Build.0 = Release|x64
		{DCC10A1B-3F0D-42FB-AE4C-8D09CAA9310D}.Release|x86.ActiveCfg = Release|Win32
		{DCC10A1B-3F0D-42FB-AE4C-8D09CAA9310D}.Release|x86.Build.0 = Release|Win32
		{31C84F41-2A2B-49E9-B573-7CB255BECD1D}.Debug|x64.ActiveCfg = Debug|x64
		{31C84F41-2A2B-49E9-B573-7CB255BECD1D}.Debug|x64.Build.0 = Debug|x64
		{31C84F41-2A2B-49E9-B573-7CB255BECD1D}.Debug|x86.ActiveCfg = Debug|Win32
		{31C84F41-2A2B-49E9-B573-7CB255BECD1D}.Debug|x86.Build.0 = Debug|Win32
		{31C84F41-2A2B-49E9-B573-7CB255BECD1D}.Release|x64.ActiveCfg = Release|x64
		{31C84F41-2A2B-49E9-B573-7CB255BECD1D}.Release|x64.Build.0 = Release|x64
		{31C84F41-2A2B-49E9-B573-7CB255BECD1D}.Release|x86.ActiveCfg = Release|Win32
		{31C84F41-2A2B-49E9-B573-7CB255BECD1D}.Release|x86.Build.0 = Release|Win32
		{B731C4DB-B510-4C4A-838C-F60305FCC1DA}.Debug|x64.ActiveCfg = Debug|x64
		{B731C4DB-B510-4C4A-838C-F60305FCC1DA}.Debug|x64.Build.0 = Debug|x64
		{B731C4DB-B510-4C4A-838C-F60305FCC1DA}.Debug|x86.ActiveCfg = Debug|Win32
		{B731C4DB-B510-4C4A-838C-F60305FCC1DA}.Debug|x86.Build.0 = Debug|Win32
		{B731C4DB-B510-4C4A-838C-F60305FCC1DA}.Release|x64.ActiveCfg = Release|x64
		{B731C4DB-B510-4C4A-838C-F60305FCC1DA}.Release|x64.Build.0 = Release|x64
		{B731C4DB-B510-4C4A-838C-F60305FCC1DA}.Release|x86.ActiveCfg = Release|Win32
		{B731C4DB-B510-4C4A-838C-F60305FCC1DA}.Release|x86.Build.0 = Release|Win32
	EndGlobalSection
	GlobalSection(SolutionProperties) = preSolution
		HideSolutionNode = FALSE
	EndGlobalSection
	GlobalSection(ExtensibilityGlobals) = postSolution
		SolutionGuid = {26858C71-0FF2-41B6-9B86-026A6A203DF4}
	EndGlobalSection
EndGlobal
